
Microsoft Visual Studio Solution File, Format Version 12.00
# Visual Studio Version 17
VisualStudioVersion = 17.2.32630.192
MinimumVisualStudioVersion = 10.0.40219.1
Project("{9A19103F-16F7-4668-BE54-9A1E7A4F7556}") = "ParcelLookup", "ParcelLookup\ParcelLookup.csproj", "{B7713CC7-8929-4AF9-A3EC-B5B8E0784618}"
EndProject
Project("{FAE04EC0-301F-11D3-BF4B-00C04F79EFBC}") = "Test", "Test\Test.csproj", "{8CC5AE34-E2ED-4E8E-84E4-B35C35064A1F}"
EndProject
Global
	GlobalSection(SolutionConfigurationPlatforms) = preSolution
		Debug|Any CPU = Debug|Any CPU
		Release|Any CPU = Release|Any CPU
	EndGlobalSection
	GlobalSection(ProjectConfigurationPlatforms) = postSolution
		{B7713CC7-8929-4AF9-A3EC-B5B8E0784618}.Debug|Any CPU.ActiveCfg = Debug|Any CPU
		{B7713CC7-8929-4AF9-A3EC-B5B8E0784618}.Debug|Any CPU.Build.0 = Debug|Any CPU
		{B7713CC7-8929-4AF9-A3EC-B5B8E0784618}.Release|Any CPU.ActiveCfg = Release|Any CPU
		{B7713CC7-8929-4AF9-A3EC-B5B8E0784618}.Release|Any CPU.Build.0 = Release|Any CPU
		{8CC5AE34-E2ED-4E8E-84E4-B35C35064A1F}.Debug|Any CPU.ActiveCfg = Debug|Any CPU
		{8CC5AE34-E2ED-4E8E-84E4-B35C35064A1F}.Debug|Any CPU.Build.0 = Debug|Any CPU
		{8CC5AE34-E2ED-4E8E-84E4-B35C35064A1F}.Release|Any CPU.ActiveCfg = Release|Any CPU
		{8CC5AE34-E2ED-4E8E-84E4-B35C35064A1F}.Release|Any CPU.Build.0 = Release|Any CPU
	EndGlobalSection
	GlobalSection(SolutionProperties) = preSolution
		HideSolutionNode = FALSE
	EndGlobalSection
	GlobalSection(ExtensibilityGlobals) = postSolution
		SolutionGuid = {14009042-5AD1-46A9-871E-56C21E984006}
	EndGlobalSection
EndGlobal
